
Microsoft Visual Studio Solution File, Format Version 12.00
# Visual Studio 2012
Project("{FAE04EC0-301F-11D3-BF4B-00C04F79EFBC}") = "Xamarin.Web.BarcodeSample", "Xamarin.Web.BarcodeSample\Xamarin.Web.BarcodeSample.csproj", "{7C1C541F-2DC8-4515-99D1-F18E54F220CE}"
EndProject
Project("{2150E333-8FDC-42A3-9474-1A3956D46DE8}") = ".nuget", ".nuget", "{F38F2545-44A7-4088-9AF3-D216FCAD3C99}"
	ProjectSection(SolutionItems) = preProject
		.nuget\NuGet.Config = .nuget\NuGet.Config
		.nuget\NuGet.exe = .nuget\NuGet.exe
		.nuget\NuGet.targets = .nuget\NuGet.targets
	EndProjectSection
EndProject
Global
	GlobalSection(SolutionConfigurationPlatforms) = preSolution
		Debug|Any CPU = Debug|Any CPU
		Release|Any CPU = Release|Any CPU
	EndGlobalSection
	GlobalSection(ProjectConfigurationPlatforms) = postSolution
		{7C1C541F-2DC8-4515-99D1-F18E54F220CE}.Debug|Any CPU.ActiveCfg = Debug|Any CPU
		{7C1C541F-2DC8-4515-99D1-F18E54F220CE}.Debug|Any CPU.Build.0 = Debug|Any CPU
		{7C1C541F-2DC8-4515-99D1-F18E54F220CE}.Release|Any CPU.ActiveCfg = Release|Any CPU
		{7C1C541F-2DC8-4515-99D1-F18E54F220CE}.Release|Any CPU.Build.0 = Release|Any CPU
	EndGlobalSection
	GlobalSection(SolutionProperties) = preSolution
		HideSolutionNode = FALSE
	EndGlobalSection
EndGlobal
